
Microsoft Visual Studio Solution File, Format Version 12.00
# Visual Studio Version 17
VisualStudioVersion = 17.7.34031.279
MinimumVisualStudioVersion = 10.0.40219.1
Project("{FAE04EC0-301F-11D3-BF4B-00C04F79EFBC}") = "EntertainmentGuild", "EntertainmentGuild\EntertainmentGuild.csproj", "{F2565E98-18AC-4CD9-886F-D24E8A0DF0F8}"
EndProject
Global
	GlobalSection(SolutionConfigurationPlatforms) = preSolution
		Debug|Any CPU = Debug|Any CPU
		Release|Any CPU = Release|Any CPU
	EndGlobalSection
	GlobalSection(ProjectConfigurationPlatforms) = postSolution
		{F2565E98-18AC-4CD9-886F-D24E8A0DF0F8}.Debug|Any CPU.ActiveCfg = Debug|Any CPU
		{F2565E98-18AC-4CD9-886F-D24E8A0DF0F8}.Debug|Any CPU.Build.0 = Debug|Any CPU
		{F2565E98-18AC-4CD9-886F-D24E8A0DF0F8}.Release|Any CPU.ActiveCfg = Release|Any CPU
		{F2565E98-18AC-4CD9-886F-D24E8A0DF0F8}.Release|Any CPU.Build.0 = Release|Any CPU
	EndGlobalSection
	GlobalSection(SolutionProperties) = preSolution
		HideSolutionNode = FALSE
	EndGlobalSection
	GlobalSection(ExtensibilityGlobals) = postSolution
		SolutionGuid = {966259C4-9214-4801-8EB8-7F55A4A43031}
	EndGlobalSection
EndGlobal
